
Microsoft Visual Studio Solution File, Format Version 12.00
# Visual Studio Version 16
VisualStudioVersion = 16.0.31515.178
MinimumVisualStudioVersion = 10.0.40219.1
Project("{2150E333-8FDC-42A3-9474-1A3956D46DE8}") = "Files", "Files", "{855ED4AD-6FEF-4DDF-AEFA-375D5F784BB4}"
	ProjectSection(SolutionItems) = preProject
		README.md = README.md
	EndProjectSection
EndProject
Project("{2150E333-8FDC-42A3-9474-1A3956D46DE8}") = "Src", "Src", "{F9B2E436-9ADD-4E63-9AA3-01AEA304ABB0}"
EndProject
Project("{2150E333-8FDC-42A3-9474-1A3956D46DE8}") = "Tests", "Tests", "{60C36518-06FB-454F-8E3D-B7A60A4C412E}"
EndProject
Project("{2150E333-8FDC-42A3-9474-1A3956D46DE8}") = "1 - Presentation", "1 - Presentation", "{187BD371-E1DE-45BD-AA25-C112E4927A59}"
EndProject
Project("{2150E333-8FDC-42A3-9474-1A3956D46DE8}") = "2 - Core", "2 - Core", "{4516C0C1-4728-414A-933A-E1DE37188D4E}"
EndProject
Project("{2150E333-8FDC-42A3-9474-1A3956D46DE8}") = "3 - Infrastructure", "3 - Infrastructure", "{5CA4079A-32BC-495A-BB44-759A6F231CED}"
EndProject
Project("{9A19103F-16F7-4668-BE54-9A1E7A4F7556}") = "Domain", "Domain\Domain.csproj", "{DAE74429-5FD1-4647-8D43-E220A8D0EF4C}"
EndProject
Project("{9A19103F-16F7-4668-BE54-9A1E7A4F7556}") = "Infrastructure", "Infrastructure\Infrastructure.csproj", "{5143B4EB-8D9E-462A-BAD4-D920CDFE1AEE}"
EndProject
Project("{9A19103F-16F7-4668-BE54-9A1E7A4F7556}") = "Application", "Application\Application.csproj", "{E23FB14B-A6C7-49C4-A600-F2131B8A5519}"
EndProject
Project("{9A19103F-16F7-4668-BE54-9A1E7A4F7556}") = "Domain.UnitTests", "Domain.UnitTests\Domain.UnitTests.csproj", "{3B19DC08-442F-4641-A445-7CC7E884A19F}"
EndProject
Project("{9A19103F-16F7-4668-BE54-9A1E7A4F7556}") = "Common", "Common\Common.csproj", "{5C410D1A-CE16-40F0-B3E7-1CE0AC4E3658}"
EndProject
Project("{9A19103F-16F7-4668-BE54-9A1E7A4F7556}") = "Application.UnitTests", "Application.UnitTests\Application.UnitTests.csproj", "{0EA01686-ADCA-4F15-9002-435E0E30F395}"
EndProject
Project("{9A19103F-16F7-4668-BE54-9A1E7A4F7556}") = "Infrastructure.IntegrationTests", "Infrastructure.IntegrationTests\Infrastructure.IntegrationTests.csproj", "{79449075-0A2B-491D-92FF-67E250ACB2FE}"
EndProject
Project("{9A19103F-16F7-4668-BE54-9A1E7A4F7556}") = "WebApi", "WebApi\WebApi.csproj", "{63FEEECA-8DF8-428C-BC32-F22CAC5BE64D}"
EndProject
Project("{E53339B2-1760-4266-BCC7-CA923CBCF16C}") = "docker-compose", "docker-compose.dcproj", "{78D2BC87-2B1E-4091-B6F0-6CA3D4834FB3}"
EndProject
Global
	GlobalSection(SolutionConfigurationPlatforms) = preSolution
		Debug|Any CPU = Debug|Any CPU
		Release|Any CPU = Release|Any CPU
	EndGlobalSection
	GlobalSection(ProjectConfigurationPlatforms) = postSolution
		{DAE74429-5FD1-4647-8D43-E220A8D0EF4C}.Debug|Any CPU.ActiveCfg = Debug|Any CPU
		{DAE74429-5FD1-4647-8D43-E220A8D0EF4C}.Debug|Any CPU.Build.0 = Debug|Any CPU
		{DAE74429-5FD1-4647-8D43-E220A8D0EF4C}.Release|Any CPU.ActiveCfg = Release|Any CPU
		{DAE74429-5FD1-4647-8D43-E220A8D0EF4C}.Release|Any CPU.Build.0 = Release|Any CPU
		{5143B4EB-8D9E-462A-BAD4-D920CDFE1AEE}.Debug|Any CPU.ActiveCfg = Debug|Any CPU
		{5143B4EB-8D9E-462A-BAD4-D920CDFE1AEE}.Debug|Any CPU.Build.0 = Debug|Any CPU
		{5143B4EB-8D9E-462A-BAD4-D920CDFE1AEE}.Release|Any CPU.ActiveCfg = Release|Any CPU
		{5143B4EB-8D9E-462A-BAD4-D920CDFE1AEE}.Release|Any CPU.Build.0 = Release|Any CPU
		{E23FB14B-A6C7-49C4-A600-F2131B8A5519}.Debug|Any CPU.ActiveCfg = Debug|Any CPU
		{E23FB14B-A6C7-49C4-A600-F2131B8A5519}.Debug|Any CPU.Build.0 = Debug|Any CPU
		{E23FB14B-A6C7-49C4-A600-F2131B8A5519}.Release|Any CPU.ActiveCfg = Release|Any CPU
		{E23FB14B-A6C7-49C4-A600-F2131B8A5519}.Release|Any CPU.Build.0 = Release|Any CPU
		{3B19DC08-442F-4641-A445-7CC7E884A19F}.Debug|Any CPU.ActiveCfg = Debug|Any CPU
		{3B19DC08-442F-4641-A445-7CC7E884A19F}.Debug|Any CPU.Build.0 = Debug|Any CPU
		{3B19DC08-442F-4641-A445-7CC7E884A19F}.Release|Any CPU.ActiveCfg = Release|Any CPU
		{3B19DC08-442F-4641-A445-7CC7E884A19F}.Release|Any CPU.Build.0 = Release|Any CPU
		{5C410D1A-CE16-40F0-B3E7-1CE0AC4E3658}.Debug|Any CPU.ActiveCfg = Debug|Any CPU
		{5C410D1A-CE16-40F0-B3E7-1CE0AC4E3658}.Debug|Any CPU.Build.0 = Debug|Any CPU
		{5C410D1A-CE16-40F0-B3E7-1CE0AC4E3658}.Release|Any CPU.ActiveCfg = Release|Any CPU
		{5C410D1A-CE16-40F0-B3E7-1CE0AC4E3658}.Release|Any CPU.Build.0 = Release|Any CPU
		{0EA01686-ADCA-4F15-9002-435E0E30F395}.Debug|Any CPU.ActiveCfg = Debug|Any CPU
		{0EA01686-ADCA-4F15-9002-435E0E30F395}.Debug|Any CPU.Build.0 = Debug|Any CPU
		{0EA01686-ADCA-4F15-9002-435E0E30F395}.Release|Any CPU.ActiveCfg = Release|Any CPU
		{0EA01686-ADCA-4F15-9002-435E0E30F395}.Release|Any CPU.Build.0 = Release|Any CPU
		{79449075-0A2B-491D-92FF-67E250ACB2FE}.Debug|Any CPU.ActiveCfg = Debug|Any CPU
		{79449075-0A2B-491D-92FF-67E250ACB2FE}.Debug|Any CPU.Build.0 = Debug|Any CPU
		{79449075-0A2B-491D-92FF-67E250ACB2FE}.Release|Any CPU.ActiveCfg = Release|Any CPU
		{79449075-0A2B-491D-92FF-67E250ACB2FE}.Release|Any CPU.Build.0 = Release|Any CPU
		{63FEEECA-8DF8-428C-BC32-F22CAC5BE64D}.Debug|Any CPU.ActiveCfg = Debug|Any CPU
		{63FEEECA-8DF8-428C-BC32-F22CAC5BE64D}.Debug|Any CPU.Build.0 = Debug|Any CPU
		{63FEEECA-8DF8-428C-BC32-F22CAC5BE64D}.Release|Any CPU.ActiveCfg = Release|Any CPU
		{63FEEECA-8DF8-428C-BC32-F22CAC5BE64D}.Release|Any CPU.Build.0 = Release|Any CPU
		{78D2BC87-2B1E-4091-B6F0-6CA3D4834FB3}.Debug|Any CPU.ActiveCfg = Debug|Any CPU
		{78D2BC87-2B1E-4091-B6F0-6CA3D4834FB3}.Debug|Any CPU.Build.0 = Debug|Any CPU
		{78D2BC87-2B1E-4091-B6F0-6CA3D4834FB3}.Release|Any CPU.ActiveCfg = Release|Any CPU
		{78D2BC87-2B1E-4091-B6F0-6CA3D4834FB3}.Release|Any CPU.Build.0 = Release|Any CPU
	EndGlobalSection
	GlobalSection(SolutionProperties) = preSolution
		HideSolutionNode = FALSE
	EndGlobalSection
	GlobalSection(NestedProjects) = preSolution
		{187BD371-E1DE-45BD-AA25-C112E4927A59} = {F9B2E436-9ADD-4E63-9AA3-01AEA304ABB0}
		{4516C0C1-4728-414A-933A-E1DE37188D4E} = {F9B2E436-9ADD-4E63-9AA3-01AEA304ABB0}
		{5CA4079A-32BC-495A-BB44-759A6F231CED} = {F9B2E436-9ADD-4E63-9AA3-01AEA304ABB0}
		{DAE74429-5FD1-4647-8D43-E220A8D0EF4C} = {4516C0C1-4728-414A-933A-E1DE37188D4E}
		{5143B4EB-8D9E-462A-BAD4-D920CDFE1AEE} = {5CA4079A-32BC-495A-BB44-759A6F231CED}
		{E23FB14B-A6C7-49C4-A600-F2131B8A5519} = {4516C0C1-4728-414A-933A-E1DE37188D4E}
		{3B19DC08-442F-4641-A445-7CC7E884A19F} = {60C36518-06FB-454F-8E3D-B7A60A4C412E}
		{5C410D1A-CE16-40F0-B3E7-1CE0AC4E3658} = {4516C0C1-4728-414A-933A-E1DE37188D4E}
		{0EA01686-ADCA-4F15-9002-435E0E30F395} = {60C36518-06FB-454F-8E3D-B7A60A4C412E}
		{79449075-0A2B-491D-92FF-67E250ACB2FE} = {60C36518-06FB-454F-8E3D-B7A60A4C412E}
		{63FEEECA-8DF8-428C-BC32-F22CAC5BE64D} = {187BD371-E1DE-45BD-AA25-C112E4927A59}
	EndGlobalSection
	GlobalSection(ExtensibilityGlobals) = postSolution
		SolutionGuid = {850BF92C-010C-4F65-B8C1-8175FA660CB7}
	EndGlobalSection
EndGlobal
